
Microsoft Visual Studio Solution File, Format Version 12.00
# Visual Studio 15
VisualStudioVersion = 15.0.27428.2005
MinimumVisualStudioVersion = 10.0.40219.1
Project("{FAE04EC0-301F-11D3-BF4B-00C04F79EFBC}") = "Blaze.Core", "Blaze.Core\Blaze.Core.csproj", "{9DED0638-86EB-49E3-B3D6-D819F4BD194F}"
EndProject
Project("{FAE04EC0-301F-11D3-BF4B-00C04F79EFBC}") = "Blaze.Crytography", "Blaze.Encryption\Blaze.Crytography.csproj", "{1245D0CA-3464-49FC-8117-8EAFEFDD3748}"
EndProject
Project("{FAE04EC0-301F-11D3-BF4B-00C04F79EFBC}") = "Blaze.Cryptography.Tests", "Blaze.EncryptionTest\Blaze.Cryptography.Tests.csproj", "{C6B8E6F9-CCB1-4E26-86C7-41E6BCFEABAC}"
EndProject
Project("{FAE04EC0-301F-11D3-BF4B-00C04F79EFBC}") = "Blaze.Wpf", "Blaze.Wpf\Blaze.Wpf.csproj", "{8337BBB7-1165-4DD1-859A-718C735BCC2E}"
EndProject
Project("{FAE04EC0-301F-11D3-BF4B-00C04F79EFBC}") = "Blaze.Cryptography.Console", "Blaze.Encryption.Runner\Blaze.Cryptography.Console.csproj", "{61B102A0-ADF5-4CFF-8994-178642B114A8}"
EndProject
Project("{FAE04EC0-301F-11D3-BF4B-00C04F79EFBC}") = "Blaze.Core.Tests", "Blaze.Core.Tests\Blaze.Core.Tests.csproj", "{A1AE8898-957D-4350-BD3F-6E159A65A7A9}"
EndProject
Project("{FAE04EC0-301F-11D3-BF4B-00C04F79EFBC}") = "Blaze.Ai", "Blaze.Ai\Blaze.Ai.csproj", "{DD6CF20D-B339-4D28-BB8D-14DEE8E95FB1}"
EndProject
Project("{FAE04EC0-301F-11D3-BF4B-00C04F79EFBC}") = "Blaze.Ai.Ages", "Blaze.Ai.Ages\Blaze.Ai.Ages.csproj", "{EDCD5018-76BF-4213-9507-99D4AD91D2BB}"
EndProject
Project("{FAE04EC0-301F-11D3-BF4B-00C04F79EFBC}") = "Blaze.Games.Gotcha", "Blaze.Games.Gotcha\Blaze.Games.Gotcha.csproj", "{9D70569F-D02B-40FB-8DF4-35E3B16600AC}"
EndProject
Project("{FAE04EC0-301F-11D3-BF4B-00C04F79EFBC}") = "Blaze.Games.Gotcha.GA", "Blaze.Games.Gotcha.GA\Blaze.Games.Gotcha.GA.csproj", "{05B57078-8673-4721-ACF4-6D726F9DB241}"
EndProject
Project("{FAE04EC0-301F-11D3-BF4B-00C04F79EFBC}") = "Blaze.Ai.Ages.Tests", "Blaze.Ai.Ages.Tests\Blaze.Ai.Ages.Tests.csproj", "{99015117-4A10-40DD-BB44-23B83FBC8C84}"
EndProject
Project("{FAE04EC0-301F-11D3-BF4B-00C04F79EFBC}") = "Blaze.Ai.Ages.Viewer", "Blaze.Ai.Ages.Viewer\Blaze.Ai.Ages.Viewer.csproj", "{F9062B58-3431-4A41-AA79-AC300DFE206F}"
EndProject
Project("{888888A0-9F3D-457C-B088-3A5042F75D52}") = "Fin", "..\Bianca\Py\Fin\Fin.pyproj", "{A0726B8F-AF83-436E-BFCE-80FE86B666B4}"
EndProject
Global
	GlobalSection(SolutionConfigurationPlatforms) = preSolution
		Debug|Any CPU = Debug|Any CPU
		Debug|x86 = Debug|x86
		Release|Any CPU = Release|Any CPU
		Release|x86 = Release|x86
	EndGlobalSection
	GlobalSection(ProjectConfigurationPlatforms) = postSolution
		{9DED0638-86EB-49E3-B3D6-D819F4BD194F}.Debug|Any CPU.ActiveCfg = Debug|Any CPU
		{9DED0638-86EB-49E3-B3D6-D819F4BD194F}.Debug|Any CPU.Build.0 = Debug|Any CPU
		{9DED0638-86EB-49E3-B3D6-D819F4BD194F}.Debug|x86.ActiveCfg = Debug|Any CPU
		{9DED0638-86EB-49E3-B3D6-D819F4BD194F}.Debug|x86.Build.0 = Debug|Any CPU
		{9DED0638-86EB-49E3-B3D6-D819F4BD194F}.Release|Any CPU.ActiveCfg = Release|Any CPU
		{9DED0638-86EB-49E3-B3D6-D819F4BD194F}.Release|Any CPU.Build.0 = Release|Any CPU
		{9DED0638-86EB-49E3-B3D6-D819F4BD194F}.Release|x86.ActiveCfg = Release|Any CPU
		{9DED0638-86EB-49E3-B3D6-D819F4BD194F}.Release|x86.Build.0 = Release|Any CPU
		{1245D0CA-3464-49FC-8117-8EAFEFDD3748}.Debug|Any CPU.ActiveCfg = Debug|Any CPU
		{1245D0CA-3464-49FC-8117-8EAFEFDD3748}.Debug|Any CPU.Build.0 = Debug|Any CPU
		{1245D0CA-3464-49FC-8117-8EAFEFDD3748}.Debug|x86.ActiveCfg = Debug|Any CPU
		{1245D0CA-3464-49FC-8117-8EAFEFDD3748}.Debug|x86.Build.0 = Debug|Any CPU
		{1245D0CA-3464-49FC-8117-8EAFEFDD3748}.Release|Any CPU.ActiveCfg = Release|Any CPU
		{1245D0CA-3464-49FC-8117-8EAFEFDD3748}.Release|Any CPU.Build.0 = Release|Any CPU
		{1245D0CA-3464-49FC-8117-8EAFEFDD3748}.Release|x86.ActiveCfg = Release|Any CPU
		{1245D0CA-3464-49FC-8117-8EAFEFDD3748}.Release|x86.Build.0 = Release|Any CPU
		{C6B8E6F9-CCB1-4E26-86C7-41E6BCFEABAC}.Debug|Any CPU.ActiveCfg = Debug|Any CPU
		{C6B8E6F9-CCB1-4E26-86C7-41E6BCFEABAC}.Debug|Any CPU.Build.0 = Debug|Any CPU
		{C6B8E6F9-CCB1-4E26-86C7-41E6BCFEABAC}.Debug|x86.ActiveCfg = Debug|Any CPU
		{C6B8E6F9-CCB1-4E26-86C7-41E6BCFEABAC}.Debug|x86.Build.0 = Debug|Any CPU
		{C6B8E6F9-CCB1-4E26-86C7-41E6BCFEABAC}.Release|Any CPU.ActiveCfg = Release|Any CPU
		{C6B8E6F9-CCB1-4E26-86C7-41E6BCFEABAC}.Release|Any CPU.Build.0 = Release|Any CPU
		{C6B8E6F9-CCB1-4E26-86C7-41E6BCFEABAC}.Release|x86.ActiveCfg = Release|Any CPU
		{C6B8E6F9-CCB1-4E26-86C7-41E6BCFEABAC}.Release|x86.Build.0 = Release|Any CPU
		{8337BBB7-1165-4DD1-859A-718C735BCC2E}.Debug|Any CPU.ActiveCfg = Debug|Any CPU
		{8337BBB7-1165-4DD1-859A-718C735BCC2E}.Debug|Any CPU.Build.0 = Debug|Any CPU
		{8337BBB7-1165-4DD1-859A-718C735BCC2E}.Debug|x86.ActiveCfg = Debug|Any CPU
		{8337BBB7-1165-4DD1-859A-718C735BCC2E}.Debug|x86.Build.0 = Debug|Any CPU
		{8337BBB7-1165-4DD1-859A-718C735BCC2E}.Release|Any CPU.ActiveCfg = Release|Any CPU
		{8337BBB7-1165-4DD1-859A-718C735BCC2E}.Release|Any CPU.Build.0 = Release|Any CPU
		{8337BBB7-1165-4DD1-859A-718C735BCC2E}.Release|x86.ActiveCfg = Release|Any CPU
		{8337BBB7-1165-4DD1-859A-718C735BCC2E}.Release|x86.Build.0 = Release|Any CPU
		{61B102A0-ADF5-4CFF-8994-178642B114A8}.Debug|Any CPU.ActiveCfg = Debug|Any CPU
		{61B102A0-ADF5-4CFF-8994-178642B114A8}.Debug|Any CPU.Build.0 = Debug|Any CPU
		{61B102A0-ADF5-4CFF-8994-178642B114A8}.Debug|x86.ActiveCfg = Debug|Any CPU
		{61B102A0-ADF5-4CFF-8994-178642B114A8}.Debug|x86.Build.0 = Debug|Any CPU
		{61B102A0-ADF5-4CFF-8994-178642B114A8}.Release|Any CPU.ActiveCfg = Release|Any CPU
		{61B102A0-ADF5-4CFF-8994-178642B114A8}.Release|Any CPU.Build.0 = Release|Any CPU
		{61B102A0-ADF5-4CFF-8994-178642B114A8}.Release|x86.ActiveCfg = Release|Any CPU
		{61B102A0-ADF5-4CFF-8994-178642B114A8}.Release|x86.Build.0 = Release|Any CPU
		{A1AE8898-957D-4350-BD3F-6E159A65A7A9}.Debug|Any CPU.ActiveCfg = Debug|Any CPU
		{A1AE8898-957D-4350-BD3F-6E159A65A7A9}.Debug|Any CPU.Build.0 = Debug|Any CPU
		{A1AE8898-957D-4350-BD3F-6E159A65A7A9}.Debug|x86.ActiveCfg = Debug|Any CPU
		{A1AE8898-957D-4350-BD3F-6E159A65A7A9}.Debug|x86.Build.0 = Debug|Any CPU
		{A1AE8898-957D-4350-BD3F-6E159A65A7A9}.Release|Any CPU.ActiveCfg = Release|Any CPU
		{A1AE8898-957D-4350-BD3F-6E159A65A7A9}.Release|Any CPU.Build.0 = Release|Any CPU
		{A1AE8898-957D-4350-BD3F-6E159A65A7A9}.Release|x86.ActiveCfg = Release|Any CPU
		{A1AE8898-957D-4350-BD3F-6E159A65A7A9}.Release|x86.Build.0 = Release|Any CPU
		{DD6CF20D-B339-4D28-BB8D-14DEE8E95FB1}.Debug|Any CPU.ActiveCfg = Debug|Any CPU
		{DD6CF20D-B339-4D28-BB8D-14DEE8E95FB1}.Debug|Any CPU.Build.0 = Debug|Any CPU
		{DD6CF20D-B339-4D28-BB8D-14DEE8E95FB1}.Debug|x86.ActiveCfg = Debug|Any CPU
		{DD6CF20D-B339-4D28-BB8D-14DEE8E95FB1}.Debug|x86.Build.0 = Debug|Any CPU
		{DD6CF20D-B339-4D28-BB8D-14DEE8E95FB1}.Release|Any CPU.ActiveCfg = Release|Any CPU
		{DD6CF20D-B339-4D28-BB8D-14DEE8E95FB1}.Release|Any CPU.Build.0 = Release|Any CPU
		{DD6CF20D-B339-4D28-BB8D-14DEE8E95FB1}.Release|x86.ActiveCfg = Release|Any CPU
		{DD6CF20D-B339-4D28-BB8D-14DEE8E95FB1}.Release|x86.Build.0 = Release|Any CPU
		{EDCD5018-76BF-4213-9507-99D4AD91D2BB}.Debug|Any CPU.ActiveCfg = Debug|Any CPU
		{EDCD5018-76BF-4213-9507-99D4AD91D2BB}.Debug|Any CPU.Build.0 = Debug|Any CPU
		{EDCD5018-76BF-4213-9507-99D4AD91D2BB}.Debug|x86.ActiveCfg = Debug|Any CPU
		{EDCD5018-76BF-4213-9507-99D4AD91D2BB}.Debug|x86.Build.0 = Debug|Any CPU
		{EDCD5018-76BF-4213-9507-99D4AD91D2BB}.Release|Any CPU.ActiveCfg = Release|Any CPU
		{EDCD5018-76BF-4213-9507-99D4AD91D2BB}.Release|Any CPU.Build.0 = Release|Any CPU
		{EDCD5018-76BF-4213-9507-99D4AD91D2BB}.Release|x86.ActiveCfg = Release|Any CPU
		{EDCD5018-76BF-4213-9507-99D4AD91D2BB}.Release|x86.Build.0 = Release|Any CPU
		{9D70569F-D02B-40FB-8DF4-35E3B16600AC}.Debug|Any CPU.ActiveCfg = Debug|x86
		{9D70569F-D02B-40FB-8DF4-35E3B16600AC}.Debug|x86.ActiveCfg = Debug|x86
		{9D70569F-D02B-40FB-8DF4-35E3B16600AC}.Debug|x86.Build.0 = Debug|x86
		{9D70569F-D02B-40FB-8DF4-35E3B16600AC}.Release|Any CPU.ActiveCfg = Release|x86
		{9D70569F-D02B-40FB-8DF4-35E3B16600AC}.Release|x86.ActiveCfg = Release|x86
		{9D70569F-D02B-40FB-8DF4-35E3B16600AC}.Release|x86.Build.0 = Release|x86
		{05B57078-8673-4721-ACF4-6D726F9DB241}.Debug|Any CPU.ActiveCfg = Debug|x86
		{05B57078-8673-4721-ACF4-6D726F9DB241}.Debug|x86.ActiveCfg = Debug|x86
		{05B57078-8673-4721-ACF4-6D726F9DB241}.Debug|x86.Build.0 = Debug|x86
		{05B57078-8673-4721-ACF4-6D726F9DB241}.Release|Any CPU.ActiveCfg = Release|x86
		{05B57078-8673-4721-ACF4-6D726F9DB241}.Release|x86.ActiveCfg = Release|x86
		{05B57078-8673-4721-ACF4-6D726F9DB241}.Release|x86.Build.0 = Release|x86
		{99015117-4A10-40DD-BB44-23B83FBC8C84}.Debug|Any CPU.ActiveCfg = Debug|Any CPU
		{99015117-4A10-40DD-BB44-23B83FBC8C84}.Debug|Any CPU.Build.0 = Debug|Any CPU
		{99015117-4A10-40DD-BB44-23B83FBC8C84}.Debug|x86.ActiveCfg = Debug|Any CPU
		{99015117-4A10-40DD-BB44-23B83FBC8C84}.Debug|x86.Build.0 = Debug|Any CPU
		{99015117-4A10-40DD-BB44-23B83FBC8C84}.Release|Any CPU.ActiveCfg = Release|Any CPU
		{99015117-4A10-40DD-BB44-23B83FBC8C84}.Release|Any CPU.Build.0 = Release|Any CPU
		{99015117-4A10-40DD-BB44-23B83FBC8C84}.Release|x86.ActiveCfg = Release|Any CPU
		{99015117-4A10-40DD-BB44-23B83FBC8C84}.Release|x86.Build.0 = Release|Any CPU
		{F9062B58-3431-4A41-AA79-AC300DFE206F}.Debug|Any CPU.ActiveCfg = Debug|Any CPU
		{F9062B58-3431-4A41-AA79-AC300DFE206F}.Debug|Any CPU.Build.0 = Debug|Any CPU
		{F9062B58-3431-4A41-AA79-AC300DFE206F}.Debug|x86.ActiveCfg = Debug|Any CPU
		{F9062B58-3431-4A41-AA79-AC300DFE206F}.Debug|x86.Build.0 = Debug|Any CPU
		{F9062B58-3431-4A41-AA79-AC300DFE206F}.Release|Any CPU.ActiveCfg = Release|Any CPU
		{F9062B58-3431-4A41-AA79-AC300DFE206F}.Release|Any CPU.Build.0 = Release|Any CPU
		{F9062B58-3431-4A41-AA79-AC300DFE206F}.Release|x86.ActiveCfg = Release|Any CPU
		{F9062B58-3431-4A41-AA79-AC300DFE206F}.Release|x86.Build.0 = Release|Any CPU
		{A0726B8F-AF83-436E-BFCE-80FE86B666B4}.Debug|Any CPU.ActiveCfg = Debug|Any CPU
		{A0726B8F-AF83-436E-BFCE-80FE86B666B4}.Debug|x86.ActiveCfg = Debug|Any CPU
		{A0726B8F-AF83-436E-BFCE-80FE86B666B4}.Release|Any CPU.ActiveCfg = Release|Any CPU
		{A0726B8F-AF83-436E-BFCE-80FE86B666B4}.Release|x86.ActiveCfg = Release|Any CPU
	EndGlobalSection
	GlobalSection(SolutionProperties) = preSolution
		HideSolutionNode = FALSE
	EndGlobalSection
	GlobalSection(ExtensibilityGlobals) = postSolution
		SolutionGuid = {AB6DD4AB-8670-42AC-AFC7-9D9A898AA926}
	EndGlobalSection
EndGlobal
