
Microsoft Visual Studio Solution File, Format Version 12.00
# Visual Studio 2012
Project("{FAE04EC0-301F-11D3-BF4B-00C04F79EFBC}") = "Blaze.Core", "Blaze.Core\Blaze.Core.csproj", "{9DED0638-86EB-49E3-B3D6-D819F4BD194F}"
EndProject
Project("{FAE04EC0-301F-11D3-BF4B-00C04F79EFBC}") = "Blaze.Encryption", "Blaze.Encryption\Blaze.Encryption.csproj", "{1245D0CA-3464-49FC-8117-8EAFEFDD3748}"
EndProject
Project("{FAE04EC0-301F-11D3-BF4B-00C04F79EFBC}") = "Blaze.EncryptionTest", "Blaze.EncryptionTest\Blaze.EncryptionTest.csproj", "{C6B8E6F9-CCB1-4E26-86C7-41E6BCFEABAC}"
EndProject
Global
	GlobalSection(SolutionConfigurationPlatforms) = preSolution
		Debug|Any CPU = Debug|Any CPU
		Release|Any CPU = Release|Any CPU
	EndGlobalSection
	GlobalSection(ProjectConfigurationPlatforms) = postSolution
		{9DED0638-86EB-49E3-B3D6-D819F4BD194F}.Debug|Any CPU.ActiveCfg = Debug|Any CPU
		{9DED0638-86EB-49E3-B3D6-D819F4BD194F}.Debug|Any CPU.Build.0 = Debug|Any CPU
		{9DED0638-86EB-49E3-B3D6-D819F4BD194F}.Release|Any CPU.ActiveCfg = Release|Any CPU
		{9DED0638-86EB-49E3-B3D6-D819F4BD194F}.Release|Any CPU.Build.0 = Release|Any CPU
		{1245D0CA-3464-49FC-8117-8EAFEFDD3748}.Debug|Any CPU.ActiveCfg = Debug|Any CPU
		{1245D0CA-3464-49FC-8117-8EAFEFDD3748}.Debug|Any CPU.Build.0 = Debug|Any CPU
		{1245D0CA-3464-49FC-8117-8EAFEFDD3748}.Release|Any CPU.ActiveCfg = Release|Any CPU
		{1245D0CA-3464-49FC-8117-8EAFEFDD3748}.Release|Any CPU.Build.0 = Release|Any CPU
		{C6B8E6F9-CCB1-4E26-86C7-41E6BCFEABAC}.Debug|Any CPU.ActiveCfg = Debug|Any CPU
		{C6B8E6F9-CCB1-4E26-86C7-41E6BCFEABAC}.Debug|Any CPU.Build.0 = Debug|Any CPU
		{C6B8E6F9-CCB1-4E26-86C7-41E6BCFEABAC}.Release|Any CPU.ActiveCfg = Release|Any CPU
		{C6B8E6F9-CCB1-4E26-86C7-41E6BCFEABAC}.Release|Any CPU.Build.0 = Release|Any CPU
	EndGlobalSection
	GlobalSection(SolutionProperties) = preSolution
		HideSolutionNode = FALSE
	EndGlobalSection
EndGlobal
