
Microsoft Visual Studio Solution File, Format Version 12.00
# Visual Studio 2012
Project("{FAE04EC0-301F-11D3-BF4B-00C04F79EFBC}") = "Blaze.Finance", "Blaze.Finance\Blaze.Finance.csproj", "{412A8A09-9995-47CE-9731-010BEB085B1E}"
EndProject
Project("{FAE04EC0-301F-11D3-BF4B-00C04F79EFBC}") = "Blaze.Core", "..\..\Blaze.Core\Blaze.Core.csproj", "{9DED0638-86EB-49E3-B3D6-D819F4BD194F}"
EndProject
Global
	GlobalSection(SolutionConfigurationPlatforms) = preSolution
		Debug|Any CPU = Debug|Any CPU
		Release|Any CPU = Release|Any CPU
	EndGlobalSection
	GlobalSection(ProjectConfigurationPlatforms) = postSolution
		{412A8A09-9995-47CE-9731-010BEB085B1E}.Debug|Any CPU.ActiveCfg = Debug|Any CPU
		{412A8A09-9995-47CE-9731-010BEB085B1E}.Debug|Any CPU.Build.0 = Debug|Any CPU
		{412A8A09-9995-47CE-9731-010BEB085B1E}.Release|Any CPU.ActiveCfg = Release|Any CPU
		{412A8A09-9995-47CE-9731-010BEB085B1E}.Release|Any CPU.Build.0 = Release|Any CPU
		{9DED0638-86EB-49E3-B3D6-D819F4BD194F}.Debug|Any CPU.ActiveCfg = Debug|Any CPU
		{9DED0638-86EB-49E3-B3D6-D819F4BD194F}.Debug|Any CPU.Build.0 = Debug|Any CPU
		{9DED0638-86EB-49E3-B3D6-D819F4BD194F}.Release|Any CPU.ActiveCfg = Release|Any CPU
		{9DED0638-86EB-49E3-B3D6-D819F4BD194F}.Release|Any CPU.Build.0 = Release|Any CPU
	EndGlobalSection
	GlobalSection(SolutionProperties) = preSolution
		HideSolutionNode = FALSE
	EndGlobalSection
EndGlobal
